
Microsoft Visual Studio Solution File, Format Version 12.00
# Visual Studio 15
Project("{FAE04EC0-301F-11D3-BF4B-00C04F79EFBC}") = "Assembly-CSharp-firstpass", "Assembly-CSharp-firstpass.csproj", "{A3CA46B1-9566-1B3D-0364-D10028BEDF89}"
EndProject
Project("{FAE04EC0-301F-11D3-BF4B-00C04F79EFBC}") = "ControllerSample", "ControllerSample.csproj", "{7AC66135-C10D-C38C-2174-02172A16996E}"
EndProject
Project("{FAE04EC0-301F-11D3-BF4B-00C04F79EFBC}") = "Assembly-CSharp", "Assembly-CSharp.csproj", "{326AE2B4-6F49-FF77-BA0B-C45C69151B69}"
EndProject
Global
	GlobalSection(SolutionConfigurationPlatforms) = preSolution
		Debug|Any CPU = Debug|Any CPU
		Release|Any CPU = Release|Any CPU
	EndGlobalSection
	GlobalSection(ProjectConfigurationPlatforms) = postSolution
		{A3CA46B1-9566-1B3D-0364-D10028BEDF89}.Debug|Any CPU.ActiveCfg = Debug|Any CPU
		{A3CA46B1-9566-1B3D-0364-D10028BEDF89}.Debug|Any CPU.Build.0 = Debug|Any CPU
		{A3CA46B1-9566-1B3D-0364-D10028BEDF89}.Release|Any CPU.ActiveCfg = Release|Any CPU
		{A3CA46B1-9566-1B3D-0364-D10028BEDF89}.Release|Any CPU.Build.0 = Release|Any CPU
		{7AC66135-C10D-C38C-2174-02172A16996E}.Debug|Any CPU.ActiveCfg = Debug|Any CPU
		{7AC66135-C10D-C38C-2174-02172A16996E}.Debug|Any CPU.Build.0 = Debug|Any CPU
		{7AC66135-C10D-C38C-2174-02172A16996E}.Release|Any CPU.ActiveCfg = Release|Any CPU
		{7AC66135-C10D-C38C-2174-02172A16996E}.Release|Any CPU.Build.0 = Release|Any CPU
		{326AE2B4-6F49-FF77-BA0B-C45C69151B69}.Debug|Any CPU.ActiveCfg = Debug|Any CPU
		{326AE2B4-6F49-FF77-BA0B-C45C69151B69}.Debug|Any CPU.Build.0 = Debug|Any CPU
		{326AE2B4-6F49-FF77-BA0B-C45C69151B69}.Release|Any CPU.ActiveCfg = Release|Any CPU
		{326AE2B4-6F49-FF77-BA0B-C45C69151B69}.Release|Any CPU.Build.0 = Release|Any CPU
	EndGlobalSection
	GlobalSection(SolutionProperties) = preSolution
		HideSolutionNode = FALSE
	EndGlobalSection
EndGlobal
